// !$*UTF8*$!
{
	archiveVersion = 1;
	classes = {
	};
	objectVersion = 55;
	objects = {

/* Begin PBXBuildFile section */
		225F73952797135300C9C2FF /* VideoFinderApp.swift in Sources */ = {isa = PBXBuildFile; fileRef = 225F73942797135300C9C2FF /* VideoFinderApp.swift */; };
		225F73972797135300C9C2FF /* ContentView.swift in Sources */ = {isa = PBXBuildFile; fileRef = 225F73962797135300C9C2FF /* ContentView.swift */; };
		225F73992797135400C9C2FF /* Assets.xcassets in Resources */ = {isa = PBXBuildFile; fileRef = 225F73982797135400C9C2FF /* Assets.xcassets */; };
		225F739C2797135400C9C2FF /* Preview Assets.xcassets in Resources */ = {isa = PBXBuildFile; fileRef = 225F739B2797135400C9C2FF /* Preview Assets.xcassets */; };
		225F73A327971E4900C9C2FF /* VideoManager.swift in Sources */ = {isa = PBXBuildFile; fileRef = 225F73A227971E4900C9C2FF /* VideoManager.swift */; };
		225F73A6279726DD00C9C2FF /* VideoCard.swift in Sources */ = {isa = PBXBuildFile; fileRef = 225F73A5279726DD00C9C2FF /* VideoCard.swift */; };
		225F73A82797279000C9C2FF /* ModelData.swift in Sources */ = {isa = PBXBuildFile; fileRef = 225F73A72797279000C9C2FF /* ModelData.swift */; };
		225F73AA279727BB00C9C2FF /* videoData.json in Resources */ = {isa = PBXBuildFile; fileRef = 225F73A9279727BB00C9C2FF /* videoData.json */; };
		22D70ECE27972C6B00C0BB88 /* VideoView.swift in Sources */ = {isa = PBXBuildFile; fileRef = 22D70ECD27972C6B00C0BB88 /* VideoView.swift */; };
		22D70ED027972FE800C0BB88 /* QueryTag.swift in Sources */ = {isa = PBXBuildFile; fileRef = 22D70ECF27972FE800C0BB88 /* QueryTag.swift */; };
/* End PBXBuildFile section */

/* Begin PBXFileReference section */
		225F73912797135300C9C2FF /* VideoFinder.app */ = {isa = PBXFileReference; explicitFileType = wrapper.application; includeInIndex = 0; path = VideoFinder.app; sourceTree = BUILT_PRODUCTS_DIR; };
		225F73942797135300C9C2FF /* VideoFinderApp.swift */ = {isa = PBXFileReference; lastKnownFileType = sourcecode.swift; path = VideoFinderApp.swift; sourceTree = "<group>"; };
		225F73962797135300C9C2FF /* ContentView.swift */ = {isa = PBXFileReference; lastKnownFileType = sourcecode.swift; path = ContentView.swift; sourceTree = "<group>"; };
		225F73982797135400C9C2FF /* Assets.xcassets */ = {isa = PBXFileReference; lastKnownFileType = folder.assetcatalog; path = Assets.xcassets; sourceTree = "<group>"; };
		225F739B2797135400C9C2FF /* Preview Assets.xcassets */ = {isa = PBXFileReference; lastKnownFileType = folder.assetcatalog; path = "Preview Assets.xcassets"; sourceTree = "<group>"; };
		225F73A227971E4900C9C2FF /* VideoManager.swift */ = {isa = PBXFileReference; lastKnownFileType = sourcecode.swift; path = VideoManager.swift; sourceTree = "<group>"; };
		225F73A5279726DD00C9C2FF /* VideoCard.swift */ = {isa = PBXFileReference; lastKnownFileType = sourcecode.swift; path = VideoCard.swift; sourceTree = "<group>"; };
		225F73A72797279000C9C2FF /* ModelData.swift */ = {isa = PBXFileReference; lastKnownFileType = sourcecode.swift; path = ModelData.swift; sourceTree = "<group>"; };
		225F73A9279727BB00C9C2FF /* videoData.json */ = {isa = PBXFileReference; lastKnownFileType = text.json; path = videoData.json; sourceTree = "<group>"; };
		22D70ECD27972C6B00C0BB88 /* VideoView.swift */ = {isa = PBXFileReference; lastKnownFileType = sourcecode.swift; path = VideoView.swift; sourceTree = "<group>"; };
		22D70ECF27972FE800C0BB88 /* QueryTag.swift */ = {isa = PBXFileReference; lastKnownFileType = sourcecode.swift; path = QueryTag.swift; sourceTree = "<group>"; };
/* End PBXFileReference section */

/* Begin PBXFrameworksBuildPhase section */
		225F738E2797135300C9C2FF /* Frameworks */ = {
			isa = PBXFrameworksBuildPhase;
			buildActionMask = 2147483647;
			files = (
			);
			runOnlyForDeploymentPostprocessing = 0;
		};
/* End PBXFrameworksBuildPhase section */

/* Begin PBXGroup section */
		225F73882797135300C9C2FF = {
			isa = PBXGroup;
			children = (
				225F73932797135300C9C2FF /* VideoFinder */,
				225F73922797135300C9C2FF /* Products */,
			);
			sourceTree = "<group>";
		};
		225F73922797135300C9C2FF /* Products */ = {
			isa = PBXGroup;
			children = (
				225F73912797135300C9C2FF /* VideoFinder.app */,
			);
			name = Products;
			sourceTree = "<group>";
		};
		225F73932797135300C9C2FF /* VideoFinder */ = {
			isa = PBXGroup;
			children = (
				225F73942797135300C9C2FF /* VideoFinderApp.swift */,
				225F73A227971E4900C9C2FF /* VideoManager.swift */,
				22D70ECC27972C5E00C0BB88 /* Views */,
				225F73A4279726D200C9C2FF /* Components */,
				225F73982797135400C9C2FF /* Assets.xcassets */,
				225F739A2797135400C9C2FF /* Preview Content */,
			);
			path = VideoFinder;
			sourceTree = "<group>";
		};
		225F739A2797135400C9C2FF /* Preview Content */ = {
			isa = PBXGroup;
			children = (
				225F73A72797279000C9C2FF /* ModelData.swift */,
				225F73A9279727BB00C9C2FF /* videoData.json */,
				225F739B2797135400C9C2FF /* Preview Assets.xcassets */,
			);
			path = "Preview Content";
			sourceTree = "<group>";
		};
		225F73A4279726D200C9C2FF /* Components */ = {
			isa = PBXGroup;
			children = (
				225F73A5279726DD00C9C2FF /* VideoCard.swift */,
				22D70ECF27972FE800C0BB88 /* QueryTag.swift */,
			);
			path = Components;
			sourceTree = "<group>";
		};
		22D70ECC27972C5E00C0BB88 /* Views */ = {
			isa = PBXGroup;
			children = (
				225F73962797135300C9C2FF /* ContentView.swift */,
				22D70ECD27972C6B00C0BB88 /* VideoView.swift */,
			);
			path = Views;
			sourceTree = "<group>";
		};
/* End PBXGroup section */

/* Begin PBXNativeTarget section */
		225F73902797135300C9C2FF /* VideoFinder */ = {
			isa = PBXNativeTarget;
			buildConfigurationList = 225F739F2797135400C9C2FF /* Build configuration list for PBXNativeTarget "VideoFinder" */;
			buildPhases = (
				225F738D2797135300C9C2FF /* Sources */,
				225F738E2797135300C9C2FF /* Frameworks */,
				225F738F2797135300C9C2FF /* Resources */,
			);
			buildRules = (
			);
			dependencies = (
			);
			name = VideoFinder;
			productName = VideoFinder;
			productReference = 225F73912797135300C9C2FF /* VideoFinder.app */;
			productType = "com.apple.product-type.application";
		};
/* End PBXNativeTarget section */

/* Begin PBXProject section */
		225F73892797135300C9C2FF /* Project object */ = {
			isa = PBXProject;
			attributes = {
				BuildIndependentTargetsInParallel = 1;
				LastSwiftUpdateCheck = 1320;
				LastUpgradeCheck = 1320;
				TargetAttributes = {
					225F73902797135300C9C2FF = {
						CreatedOnToolsVersion = 13.2.1;
					};
				};
			};
			buildConfigurationList = 225F738C2797135300C9C2FF /* Build configuration list for PBXProject "VideoFinder" */;
			compatibilityVersion = "Xcode 13.0";
			developmentRegion = en;
			hasScannedForEncodings = 0;
			knownRegions = (
				en,
				Base,
			);
			mainGroup = 225F73882797135300C9C2FF;
			productRefGroup = 225F73922797135300C9C2FF /* Products */;
			projectDirPath = "";
			projectRoot = "";
			targets = (
				225F73902797135300C9C2FF /* VideoFinder */,
			);
		};
/* End PBXProject section */

/* Begin PBXResourcesBuildPhase section */
		225F738F2797135300C9C2FF /* Resources */ = {
			isa = PBXResourcesBuildPhase;
			buildActionMask = 2147483647;
			files = (
				225F739C2797135400C9C2FF /* Preview Assets.xcassets in Resources */,
				225F73992797135400C9C2FF /* Assets.xcassets in Resources */,
				225F73AA279727BB00C9C2FF /* videoData.json in Resources */,
			);
			runOnlyForDeploymentPostprocessing = 0;
		};
/* End PBXResourcesBuildPhase section */

/* Begin PBXSourcesBuildPhase section */
		225F738D2797135300C9C2FF /* Sources */ = {
			isa = PBXSourcesBuildPhase;
			buildActionMask = 2147483647;
			files = (
				22D70ECE27972C6B00C0BB88 /* VideoView.swift in Sources */,
				225F73972797135300C9C2FF /* ContentView.swift in Sources */,
				225F73952797135300C9C2FF /* VideoFinderApp.swift in Sources */,
				225F73A82797279000C9C2FF /* ModelData.swift in Sources */,
				22D70ED027972FE800C0BB88 /* QueryTag.swift in Sources */,
				225F73A327971E4900C9C2FF /* VideoManager.swift in Sources */,
				225F73A6279726DD00C9C2FF /* VideoCard.swift in Sources */,
			);
			runOnlyForDeploymentPostprocessing = 0;
		};
/* End PBXSourcesBuildPhase section */

/* Begin XCBuildConfiguration section */
		225F739D2797135400C9C2FF /* Debug */ = {
			isa = XCBuildConfiguration;
			buildSettings = {
				ALWAYS_SEARCH_USER_PATHS = NO;
				CLANG_ANALYZER_NONNULL = YES;
				CLANG_ANALYZER_NUMBER_OBJECT_CONVERSION = YES_AGGRESSIVE;
				CLANG_CXX_LANGUAGE_STANDARD = "gnu++17";
				CLANG_CXX_LIBRARY = "libc++";
				CLANG_ENABLE_MODULES = YES;
				CLANG_ENABLE_OBJC_ARC = YES;
				CLANG_ENABLE_OBJC_WEAK = YES;
				CLANG_WARN_BLOCK_CAPTURE_AUTORELEASING = YES;
				CLANG_WARN_BOOL_CONVERSION = YES;
				CLANG_WARN_COMMA = YES;
				CLANG_WARN_CONSTANT_CONVERSION = YES;
				CLANG_WARN_DEPRECATED_OBJC_IMPLEMENTATIONS = YES;
				CLANG_WARN_DIRECT_OBJC_ISA_USAGE = YES_ERROR;
				CLANG_WARN_DOCUMENTATION_COMMENTS = YES;
				CLANG_WARN_EMPTY_BODY = YES;
				CLANG_WARN_ENUM_CONVERSION = YES;
				CLANG_WARN_INFINITE_RECURSION = YES;
				CLANG_WARN_INT_CONVERSION = YES;
				CLANG_WARN_NON_LITERAL_NULL_CONVERSION = YES;
				CLANG_WARN_OBJC_IMPLICIT_RETAIN_SELF = YES;
				CLANG_WARN_OBJC_LITERAL_CONVERSION = YES;
				CLANG_WARN_OBJC_ROOT_CLASS = YES_ERROR;
				CLANG_WARN_QUOTED_INCLUDE_IN_FRAMEWORK_HEADER = YES;
				CLANG_WARN_RANGE_LOOP_ANALYSIS = YES;
				CLANG_WARN_STRICT_PROTOTYPES = YES;
				CLANG_WARN_SUSPICIOUS_MOVE = YES;
				CLANG_WARN_UNGUARDED_AVAILABILITY = YES_AGGRESSIVE;
				CLANG_WARN_UNREACHABLE_CODE = YES;
				CLANG_WARN__DUPLICATE_METHOD_MATCH = YES;
				COPY_PHASE_STRIP = NO;
				DEBUG_INFORMATION_FORMAT = dwarf;
				ENABLE_STRICT_OBJC_MSGSEND = YES;
				ENABLE_TESTABILITY = YES;
				GCC_C_LANGUAGE_STANDARD = gnu11;
				GCC_DYNAMIC_NO_PIC = NO;
				GCC_NO_COMMON_BLOCKS = YES;
				GCC_OPTIMIZATION_LEVEL = 0;
				GCC_PREPROCESSOR_DEFINITIONS = (
					"DEBUG=1",
					"$(inherited)",
				);
				GCC_WARN_64_TO_32_BIT_CONVERSION = YES;
				GCC_WARN_ABOUT_RETURN_TYPE = YES_ERROR;
				GCC_WARN_UNDECLARED_SELECTOR = YES;
				GCC_WARN_UNINITIALIZED_AUTOS = YES_AGGRESSIVE;
				GCC_WARN_UNUSED_FUNCTION = YES;
				GCC_WARN_UNUSED_VARIABLE = YES;
				IPHONEOS_DEPLOYMENT_TARGET = 15.2;
				MTL_ENABLE_DEBUG_INFO = INCLUDE_SOURCE;
				MTL_FAST_MATH = YES;
				ONLY_ACTIVE_ARCH = YES;
				SDKROOT = iphoneos;
				SWIFT_ACTIVE_COMPILATION_CONDITIONS = DEBUG;
				SWIFT_OPTIMIZATION_LEVEL = "-Onone";
			};
			name = Debug;
		};
		225F739E2797135400C9C2FF /* Release */ = {
			isa = XCBuildConfiguration;
			buildSettings = {
				ALWAYS_SEARCH_USER_PATHS = NO;
				CLANG_ANALYZER_NONNULL = YES;
				CLANG_ANALYZER_NUMBER_OBJECT_CONVERSION = YES_AGGRESSIVE;
				CLANG_CXX_LANGUAGE_STANDARD = "gnu++17";
				CLANG_CXX_LIBRARY = "libc++";
				CLANG_ENABLE_MODULES = YES;
				CLANG_ENABLE_OBJC_ARC = YES;
				CLANG_ENABLE_OBJC_WEAK = YES;
				CLANG_WARN_BLOCK_CAPTURE_AUTORELEASING = YES;
				CLANG_WARN_BOOL_CONVERSION = YES;
				CLANG_WARN_COMMA = YES;
				CLANG_WARN_CONSTANT_CONVERSION = YES;
				CLANG_WARN_DEPRECATED_OBJC_IMPLEMENTATIONS = YES;
				CLANG_WARN_DIRECT_OBJC_ISA_USAGE = YES_ERROR;
				CLANG_WARN_DOCUMENTATION_COMMENTS = YES;
				CLANG_WARN_EMPTY_BODY = YES;
				CLANG_WARN_ENUM_CONVERSION = YES;
				CLANG_WARN_INFINITE_RECURSION = YES;
				CLANG_WARN_INT_CONVERSION = YES;
				CLANG_WARN_NON_LITERAL_NULL_CONVERSION = YES;
				CLANG_WARN_OBJC_IMPLICIT_RETAIN_SELF = YES;
				CLANG_WARN_OBJC_LITERAL_CONVERSION = YES;
				CLANG_WARN_OBJC_ROOT_CLASS = YES_ERROR;
				CLANG_WARN_QUOTED_INCLUDE_IN_FRAMEWORK_HEADER = YES;
				CLANG_WARN_RANGE_LOOP_ANALYSIS = YES;
				CLANG_WARN_STRICT_PROTOTYPES = YES;
				CLANG_WARN_SUSPICIOUS_MOVE = YES;
				CLANG_WARN_UNGUARDED_AVAILABILITY = YES_AGGRESSIVE;
				CLANG_WARN_UNREACHABLE_CODE = YES;
				CLANG_WARN__DUPLICATE_METHOD_MATCH = YES;
				COPY_PHASE_STRIP = NO;
				DEBUG_INFORMATION_FORMAT = "dwarf-with-dsym";
				ENABLE_NS_ASSERTIONS = NO;
				ENABLE_STRICT_OBJC_MSGSEND = YES;
				GCC_C_LANGUAGE_STANDARD = gnu11;
				GCC_NO_COMMON_BLOCKS = YES;
				GCC_WARN_64_TO_32_BIT_CONVERSION = YES;
				GCC_WARN_ABOUT_RETURN_TYPE = YES_ERROR;
				GCC_WARN_UNDECLARED_SELECTOR = YES;
				GCC_WARN_UNINITIALIZED_AUTOS = YES_AGGRESSIVE;
				GCC_WARN_UNUSED_FUNCTION = YES;
				GCC_WARN_UNUSED_VARIABLE = YES;
				IPHONEOS_DEPLOYMENT_TARGET = 15.2;
				MTL_ENABLE_DEBUG_INFO = NO;
				MTL_FAST_MATH = YES;
				SDKROOT = iphoneos;
				SWIFT_COMPILATION_MODE = wholemodule;
				SWIFT_OPTIMIZATION_LEVEL = "-O";
				VALIDATE_PRODUCT = YES;
			};
			name = Release;
		};
		225F73A02797135400C9C2FF /* Debug */ = {
			isa = XCBuildConfiguration;
			buildSettings = {
				ASSETCATALOG_COMPILER_APPICON_NAME = AppIcon;
				ASSETCATALOG_COMPILER_GLOBAL_ACCENT_COLOR_NAME = AccentColor;
				CODE_SIGN_STYLE = Automatic;
				CURRENT_PROJECT_VERSION = 1;
				DEVELOPMENT_ASSET_PATHS = "\"VideoFinder/Preview Content\"";
				DEVELOPMENT_TEAM = 68WS2M23VC;
				ENABLE_PREVIEWS = YES;
				GENERATE_INFOPLIST_FILE = YES;
				INFOPLIST_KEY_UIApplicationSceneManifest_Generation = YES;
				INFOPLIST_KEY_UIApplicationSupportsIndirectInputEvents = YES;
				INFOPLIST_KEY_UILaunchScreen_Generation = YES;
				INFOPLIST_KEY_UISupportedInterfaceOrientations_iPad = "UIInterfaceOrientationPortrait UIInterfaceOrientationPortraitUpsideDown UIInterfaceOrientationLandscapeLeft UIInterfaceOrientationLandscapeRight";
				INFOPLIST_KEY_UISupportedInterfaceOrientations_iPhone = "UIInterfaceOrientationPortrait UIInterfaceOrientationLandscapeLeft UIInterfaceOrientationLandscapeRight";
				LD_RUNPATH_SEARCH_PATHS = (
					"$(inherited)",
					"@executable_path/Frameworks",
				);
				MARKETING_VERSION = 1.0;
				PRODUCT_BUNDLE_IDENTIFIER = io.designcode.VideoFinder;
				PRODUCT_NAME = "$(TARGET_NAME)";
				SWIFT_EMIT_LOC_STRINGS = YES;
				SWIFT_VERSION = 5.0;
				TARGETED_DEVICE_FAMILY = "1,2";
			};
			name = Debug;
		};
		225F73A12797135400C9C2FF /* Release */ = {
			isa = XCBuildConfiguration;
			buildSettings = {
				ASSETCATALOG_COMPILER_APPICON_NAME = AppIcon;
				ASSETCATALOG_COMPILER_GLOBAL_ACCENT_COLOR_NAME = AccentColor;
				CODE_SIGN_STYLE = Automatic;
				CURRENT_PROJECT_VERSION = 1;
				DEVELOPMENT_ASSET_PATHS = "\"VideoFinder/Preview Content\"";
				DEVELOPMENT_TEAM = 68WS2M23VC;
				ENABLE_PREVIEWS = YES;
				GENERATE_INFOPLIST_FILE = YES;
				INFOPLIST_KEY_UIApplicationSceneManifest_Generation = YES;
				INFOPLIST_KEY_UIApplicationSupportsIndirectInputEvents = YES;
				INFOPLIST_KEY_UILaunchScreen_Generation = YES;
				INFOPLIST_KEY_UISupportedInterfaceOrientations_iPad = "UIInterfaceOrientationPortrait UIInterfaceOrientationPortraitUpsideDown UIInterfaceOrientationLandscapeLeft UIInterfaceOrientationLandscapeRight";
				INFOPLIST_KEY_UISupportedInterfaceOrientations_iPhone = "UIInterfaceOrientationPortrait UIInterfaceOrientationLandscapeLeft UIInterfaceOrientationLandscapeRight";
				LD_RUNPATH_SEARCH_PATHS = (
					"$(inherited)",
					"@executable_path/Frameworks",
				);
				MARKETING_VERSION = 1.0;
				PRODUCT_BUNDLE_IDENTIFIER = io.designcode.VideoFinder;
				PRODUCT_NAME = "$(TARGET_NAME)";
				SWIFT_EMIT_LOC_STRINGS = YES;
				SWIFT_VERSION = 5.0;
				TARGETED_DEVICE_FAMILY = "1,2";
			};
			name = Release;
		};
/* End XCBuildConfiguration section */

/* Begin XCConfigurationList section */
		225F738C2797135300C9C2FF /* Build configuration list for PBXProject "VideoFinder" */ = {
			isa = XCConfigurationList;
			buildConfigurations = (
				225F739D2797135400C9C2FF /* Debug */,
				225F739E2797135400C9C2FF /* Release */,
			);
			defaultConfigurationIsVisible = 0;
			defaultConfigurationName = Release;
		};
		225F739F2797135400C9C2FF /* Build configuration list for PBXNativeTarget "VideoFinder" */ = {
			isa = XCConfigurationList;
			buildConfigurations = (
				225F73A02797135400C9C2FF /* Debug */,
				225F73A12797135400C9C2FF /* Release */,
			);
			defaultConfigurationIsVisible = 0;
			defaultConfigurationName = Release;
		};
/* End XCConfigurationList section */
	};
	rootObject = 225F73892797135300C9C2FF /* Project object */;
}
